
Microsoft Visual Studio Solution File, Format Version 12.00
# Visual Studio Version 17
VisualStudioVersion = 17.4.33122.133
MinimumVisualStudioVersion = 10.0.40219.1
Project("{FAE04EC0-301F-11D3-BF4B-00C04F79EFBC}") = "MVC Countries - Design Patterns LAB", "MVC Countries - Design Patterns LAB\MVC Countries - Design Patterns LAB.csproj", "{87650894-1FFC-4FD2-A297-1C7625715E02}"
EndProject
Global
	GlobalSection(SolutionConfigurationPlatforms) = preSolution
		Debug|Any CPU = Debug|Any CPU
		Release|Any CPU = Release|Any CPU
	EndGlobalSection
	GlobalSection(ProjectConfigurationPlatforms) = postSolution
		{87650894-1FFC-4FD2-A297-1C7625715E02}.Debug|Any CPU.ActiveCfg = Debug|Any CPU
		{87650894-1FFC-4FD2-A297-1C7625715E02}.Debug|Any CPU.Build.0 = Debug|Any CPU
		{87650894-1FFC-4FD2-A297-1C7625715E02}.Release|Any CPU.ActiveCfg = Release|Any CPU
		{87650894-1FFC-4FD2-A297-1C7625715E02}.Release|Any CPU.Build.0 = Release|Any CPU
	EndGlobalSection
	GlobalSection(SolutionProperties) = preSolution
		HideSolutionNode = FALSE
	EndGlobalSection
	GlobalSection(ExtensibilityGlobals) = postSolution
		SolutionGuid = {07FAAB3F-69D6-4EC6-BDBC-D03B03594C18}
	EndGlobalSection
EndGlobal
